# This file is automatically @generated by Cargo.
# It is not intended for manual editing.
version = 3

[[package]]
name = "aoc-2023-10"
version = "1.74.0"
dependencies = [
 "ati",
]

[[package]]
name = "ati"
version = "0.2.0"
source = "registry+https://github.com/rust-lang/crates.io-index"
checksum = "2998173697c8ec0be7412c3afa136d5ce7a19e6a934273311bf081c7fad30b25"
