# This file is generated by running "yarn install" inside your project.
# Manual changes might be lost - proceed with caution!

__metadata:
  version: 6
  cacheKey: 8

"@esbuild/android-arm@npm:0.15.15":
  version: 0.15.15
  resolution: "@esbuild/android-arm@npm:0.15.15"
  conditions: os=android & cpu=arm
  languageName: node
  linkType: hard

"@esbuild/linux-loong64@npm:0.15.15":
  version: 0.15.15
  resolution: "@esbuild/linux-loong64@npm:0.15.15"
  conditions: os=linux & cpu=loong64
  languageName: node
  linkType: hard

"@types/node@npm:^18.11.9":
  version: 18.11.9
  resolution: "@types/node@npm:18.11.9"
  checksum: cc0aae109e9b7adefc32eecb838d6fad931663bb06484b5e9cbbbf74865c721b03d16fd8d74ad90e31dbe093d956a7c2c306ba5429ba0c00f3f7505103d7a496
  languageName: node
  linkType: hard

"ansi-styles@npm:^4.1.0":
  version: 4.3.0
  resolution: "ansi-styles@npm:4.3.0"
  dependencies:
    color-convert: ^2.0.1
  checksum: 513b44c3b2105dd14cc42a19271e80f386466c4be574bccf60b627432f9198571ebf4ab1e4c3ba17347658f4ee1711c163d574248c0c1cdc2d5917a0ad582ec4
  languageName: node
  linkType: hard

"aoc-2022@workspace:.":
  version: 0.0.0-use.local
  resolution: "aoc-2022@workspace:."
  dependencies:
    "@types/node": ^18.11.9
    chalk: 4
    esbuild: ^0.15.15
    esbuild-runner: ^2.2.2
    handlebars: ^4.7.7
    undici: ^5.13.0
  languageName: unknown
  linkType: soft

"buffer-from@npm:^1.0.0":
  version: 1.1.2
  resolution: "buffer-from@npm:1.1.2"
  checksum: 0448524a562b37d4d7ed9efd91685a5b77a50672c556ea254ac9a6d30e3403a517d8981f10e565db24e8339413b43c97ca2951f10e399c6125a0d8911f5679bb
  languageName: node
  linkType: hard

"busboy@npm:^1.6.0":
  version: 1.6.0
  resolution: "busboy@npm:1.6.0"
  dependencies:
    streamsearch: ^1.1.0
  checksum: 32801e2c0164e12106bf236291a00795c3c4e4b709ae02132883fe8478ba2ae23743b11c5735a0aae8afe65ac4b6ca4568b91f0d9fed1fdbc32ede824a73746e
  languageName: node
  linkType: hard

"chalk@npm:4":
  version: 4.1.2
  resolution: "chalk@npm:4.1.2"
  dependencies:
    ansi-styles: ^4.1.0
    supports-color: ^7.1.0
  checksum: fe75c9d5c76a7a98d45495b91b2172fa3b7a09e0cc9370e5c8feb1c567b85c4288e2b3fded7cfdd7359ac28d6b3844feb8b82b8686842e93d23c827c417e83fc
  languageName: node
  linkType: hard

"color-convert@npm:^2.0.1":
  version: 2.0.1
  resolution: "color-convert@npm:2.0.1"
  dependencies:
    color-name: ~1.1.4
  checksum: 79e6bdb9fd479a205c71d89574fccfb22bd9053bd98c6c4d870d65c132e5e904e6034978e55b43d69fcaa7433af2016ee203ce76eeba9cfa554b373e7f7db336
  languageName: node
  linkType: hard

"color-name@npm:~1.1.4":
  version: 1.1.4
  resolution: "color-name@npm:1.1.4"
  checksum: b0445859521eb4021cd0fb0cc1a75cecf67fceecae89b63f62b201cca8d345baf8b952c966862a9d9a2632987d4f6581f0ec8d957dfacece86f0a7919316f610
  languageName: node
  linkType: hard

"esbuild-android-64@npm:0.15.15":
  version: 0.15.15
  resolution: "esbuild-android-64@npm:0.15.15"
  conditions: os=android & cpu=x64
  languageName: node
  linkType: hard

"esbuild-android-arm64@npm:0.15.15":
  version: 0.15.15
  resolution: "esbuild-android-arm64@npm:0.15.15"
  conditions: os=android & cpu=arm64
  languageName: node
  linkType: hard

"esbuild-darwin-64@npm:0.15.15":
  version: 0.15.15
  resolution: "esbuild-darwin-64@npm:0.15.15"
  conditions: os=darwin & cpu=x64
  languageName: node
  linkType: hard

"esbuild-darwin-arm64@npm:0.15.15":
  version: 0.15.15
  resolution: "esbuild-darwin-arm64@npm:0.15.15"
  conditions: os=darwin & cpu=arm64
  languageName: node
  linkType: hard

"esbuild-freebsd-64@npm:0.15.15":
  version: 0.15.15
  resolution: "esbuild-freebsd-64@npm:0.15.15"
  conditions: os=freebsd & cpu=x64
  languageName: node
  linkType: hard

"esbuild-freebsd-arm64@npm:0.15.15":
  version: 0.15.15
  resolution: "esbuild-freebsd-arm64@npm:0.15.15"
  conditions: os=freebsd & cpu=arm64
  languageName: node
  linkType: hard

"esbuild-linux-32@npm:0.15.15":
  version: 0.15.15
  resolution: "esbuild-linux-32@npm:0.15.15"
  conditions: os=linux & cpu=ia32
  languageName: node
  linkType: hard

"esbuild-linux-64@npm:0.15.15":
  version: 0.15.15
  resolution: "esbuild-linux-64@npm:0.15.15"
  conditions: os=linux & cpu=x64
  languageName: node
  linkType: hard

"esbuild-linux-arm64@npm:0.15.15":
  version: 0.15.15
  resolution: "esbuild-linux-arm64@npm:0.15.15"
  conditions: os=linux & cpu=arm64
  languageName: node
  linkType: hard

"esbuild-linux-arm@npm:0.15.15":
  version: 0.15.15
  resolution: "esbuild-linux-arm@npm:0.15.15"
  conditions: os=linux & cpu=arm
  languageName: node
  linkType: hard

"esbuild-linux-mips64le@npm:0.15.15":
  version: 0.15.15
  resolution: "esbuild-linux-mips64le@npm:0.15.15"
  conditions: os=linux & cpu=mips64el
  languageName: node
  linkType: hard

"esbuild-linux-ppc64le@npm:0.15.15":
  version: 0.15.15
  resolution: "esbuild-linux-ppc64le@npm:0.15.15"
  conditions: os=linux & cpu=ppc64
  languageName: node
  linkType: hard

"esbuild-linux-riscv64@npm:0.15.15":
  version: 0.15.15
  resolution: "esbuild-linux-riscv64@npm:0.15.15"
  conditions: os=linux & cpu=riscv64
  languageName: node
  linkType: hard

"esbuild-linux-s390x@npm:0.15.15":
  version: 0.15.15
  resolution: "esbuild-linux-s390x@npm:0.15.15"
  conditions: os=linux & cpu=s390x
  languageName: node
  linkType: hard

"esbuild-netbsd-64@npm:0.15.15":
  version: 0.15.15
  resolution: "esbuild-netbsd-64@npm:0.15.15"
  conditions: os=netbsd & cpu=x64
  languageName: node
  linkType: hard

"esbuild-openbsd-64@npm:0.15.15":
  version: 0.15.15
  resolution: "esbuild-openbsd-64@npm:0.15.15"
  conditions: os=openbsd & cpu=x64
  languageName: node
  linkType: hard

"esbuild-runner@npm:^2.2.2":
  version: 2.2.2
  resolution: "esbuild-runner@npm:2.2.2"
  dependencies:
    source-map-support: 0.5.21
    tslib: 2.4.0
  peerDependencies:
    esbuild: "*"
  bin:
    esr: bin/esr.js
  checksum: 9e5baf87e54b4f73c1ee45afb56435158d0ad35eb233ce6ad7a354f29746538e163f735d5b2739c737a6cf408283de14bbc86fdf726823047aa373d0e19a2e6b
  languageName: node
  linkType: hard

"esbuild-sunos-64@npm:0.15.15":
  version: 0.15.15
  resolution: "esbuild-sunos-64@npm:0.15.15"
  conditions: os=sunos & cpu=x64
  languageName: node
  linkType: hard

"esbuild-windows-32@npm:0.15.15":
  version: 0.15.15
  resolution: "esbuild-windows-32@npm:0.15.15"
  conditions: os=win32 & cpu=ia32
  languageName: node
  linkType: hard

"esbuild-windows-64@npm:0.15.15":
  version: 0.15.15
  resolution: "esbuild-windows-64@npm:0.15.15"
  conditions: os=win32 & cpu=x64
  languageName: node
  linkType: hard

"esbuild-windows-arm64@npm:0.15.15":
  version: 0.15.15
  resolution: "esbuild-windows-arm64@npm:0.15.15"
  conditions: os=win32 & cpu=arm64
  languageName: node
  linkType: hard

"esbuild@npm:^0.15.15":
  version: 0.15.15
  resolution: "esbuild@npm:0.15.15"
  dependencies:
    "@esbuild/android-arm": 0.15.15
    "@esbuild/linux-loong64": 0.15.15
    esbuild-android-64: 0.15.15
    esbuild-android-arm64: 0.15.15
    esbuild-darwin-64: 0.15.15
    esbuild-darwin-arm64: 0.15.15
    esbuild-freebsd-64: 0.15.15
    esbuild-freebsd-arm64: 0.15.15
    esbuild-linux-32: 0.15.15
    esbuild-linux-64: 0.15.15
    esbuild-linux-arm: 0.15.15
    esbuild-linux-arm64: 0.15.15
    esbuild-linux-mips64le: 0.15.15
    esbuild-linux-ppc64le: 0.15.15
    esbuild-linux-riscv64: 0.15.15
    esbuild-linux-s390x: 0.15.15
    esbuild-netbsd-64: 0.15.15
    esbuild-openbsd-64: 0.15.15
    esbuild-sunos-64: 0.15.15
    esbuild-windows-32: 0.15.15
    esbuild-windows-64: 0.15.15
    esbuild-windows-arm64: 0.15.15
  dependenciesMeta:
    "@esbuild/android-arm":
      optional: true
    "@esbuild/linux-loong64":
      optional: true
    esbuild-android-64:
      optional: true
    esbuild-android-arm64:
      optional: true
    esbuild-darwin-64:
      optional: true
    esbuild-darwin-arm64:
      optional: true
    esbuild-freebsd-64:
      optional: true
    esbuild-freebsd-arm64:
      optional: true
    esbuild-linux-32:
      optional: true
    esbuild-linux-64:
      optional: true
    esbuild-linux-arm:
      optional: true
    esbuild-linux-arm64:
      optional: true
    esbuild-linux-mips64le:
      optional: true
    esbuild-linux-ppc64le:
      optional: true
    esbuild-linux-riscv64:
      optional: true
    esbuild-linux-s390x:
      optional: true
    esbuild-netbsd-64:
      optional: true
    esbuild-openbsd-64:
      optional: true
    esbuild-sunos-64:
      optional: true
    esbuild-windows-32:
      optional: true
    esbuild-windows-64:
      optional: true
    esbuild-windows-arm64:
      optional: true
  bin:
    esbuild: bin/esbuild
  checksum: 9a194a310ac7d6989d1fe7354901d531d3b0d4cc1897a85a7cb9f1ae0fe8d82eb59747e63c91f676bab7bed8d6a1f28f620d49f043e7bd6203f9afe34031f739
  languageName: node
  linkType: hard

"handlebars@npm:^4.7.7":
  version: 4.7.7
  resolution: "handlebars@npm:4.7.7"
  dependencies:
    minimist: ^1.2.5
    neo-async: ^2.6.0
    source-map: ^0.6.1
    uglify-js: ^3.1.4
    wordwrap: ^1.0.0
  dependenciesMeta:
    uglify-js:
      optional: true
  bin:
    handlebars: bin/handlebars
  checksum: 1e79a43f5e18d15742977cb987923eab3e2a8f44f2d9d340982bcb69e1735ed049226e534d7c1074eaddaf37e4fb4f471a8adb71cddd5bc8cf3f894241df5cee
  languageName: node
  linkType: hard

"has-flag@npm:^4.0.0":
  version: 4.0.0
  resolution: "has-flag@npm:4.0.0"
  checksum: 261a1357037ead75e338156b1f9452c016a37dcd3283a972a30d9e4a87441ba372c8b81f818cd0fbcd9c0354b4ae7e18b9e1afa1971164aef6d18c2b6095a8ad
  languageName: node
  linkType: hard

"minimist@npm:^1.2.5":
  version: 1.2.7
  resolution: "minimist@npm:1.2.7"
  checksum: 7346574a1038ca23c32e02252f603801f09384dd1d78b69a943a4e8c2c28730b80e96193882d3d3b22a063445f460e48316b29b8a25addca2d7e5e8f75478bec
  languageName: node
  linkType: hard

"neo-async@npm:^2.6.0":
  version: 2.6.2
  resolution: "neo-async@npm:2.6.2"
  checksum: deac9f8d00eda7b2e5cd1b2549e26e10a0faa70adaa6fdadca701cc55f49ee9018e427f424bac0c790b7c7e2d3068db97f3093f1093975f2acb8f8818b936ed9
  languageName: node
  linkType: hard

"source-map-support@npm:0.5.21":
  version: 0.5.21
  resolution: "source-map-support@npm:0.5.21"
  dependencies:
    buffer-from: ^1.0.0
    source-map: ^0.6.0
  checksum: 43e98d700d79af1d36f859bdb7318e601dfc918c7ba2e98456118ebc4c4872b327773e5a1df09b0524e9e5063bb18f0934538eace60cca2710d1fa687645d137
  languageName: node
  linkType: hard

"source-map@npm:^0.6.0, source-map@npm:^0.6.1":
  version: 0.6.1
  resolution: "source-map@npm:0.6.1"
  checksum: 59ce8640cf3f3124f64ac289012c2b8bd377c238e316fb323ea22fbfe83da07d81e000071d7242cad7a23cd91c7de98e4df8830ec3f133cb6133a5f6e9f67bc2
  languageName: node
  linkType: hard

"streamsearch@npm:^1.1.0":
  version: 1.1.0
  resolution: "streamsearch@npm:1.1.0"
  checksum: 1cce16cea8405d7a233d32ca5e00a00169cc0e19fbc02aa839959985f267335d435c07f96e5e0edd0eadc6d39c98d5435fb5bbbdefc62c41834eadc5622ad942
  languageName: node
  linkType: hard

"supports-color@npm:^7.1.0":
  version: 7.2.0
  resolution: "supports-color@npm:7.2.0"
  dependencies:
    has-flag: ^4.0.0
  checksum: 3dda818de06ebbe5b9653e07842d9479f3555ebc77e9a0280caf5a14fb877ffee9ed57007c3b78f5a6324b8dbeec648d9e97a24e2ed9fdb81ddc69ea07100f4a
  languageName: node
  linkType: hard

"tslib@npm:2.4.0":
  version: 2.4.0
  resolution: "tslib@npm:2.4.0"
  checksum: 8c4aa6a3c5a754bf76aefc38026134180c053b7bd2f81338cb5e5ebf96fefa0f417bff221592bf801077f5bf990562f6264fecbc42cd3309b33872cb6fc3b113
  languageName: node
  linkType: hard

"uglify-js@npm:^3.1.4":
  version: 3.17.4
  resolution: "uglify-js@npm:3.17.4"
  bin:
    uglifyjs: bin/uglifyjs
  checksum: 7b3897df38b6fc7d7d9f4dcd658599d81aa2b1fb0d074829dd4e5290f7318dbca1f4af2f45acb833b95b1fe0ed4698662ab61b87e94328eb4c0a0d3435baf924
  languageName: node
  linkType: hard

"undici@npm:^5.13.0":
  version: 5.13.0
  resolution: "undici@npm:5.13.0"
  dependencies:
    busboy: ^1.6.0
  checksum: 15b8f7df4bd8c9bf9d777456d16b51eb621f25d3ee60f575a8693192a647b3a8b33671e984386636e8df42085488f86a52d0d47db1b8c22edcc591134892a424
  languageName: node
  linkType: hard

"wordwrap@npm:^1.0.0":
  version: 1.0.0
  resolution: "wordwrap@npm:1.0.0"
  checksum: 2a44b2788165d0a3de71fd517d4880a8e20ea3a82c080ce46e294f0b68b69a2e49cff5f99c600e275c698a90d12c5ea32aff06c311f0db2eb3f1201f3e7b2a04
  languageName: node
  linkType: hard
